
Microsoft Visual Studio Solution File, Format Version 12.00
# Visual Studio Version 16
VisualStudioVersion = 16.0.29215.179
MinimumVisualStudioVersion = 10.0.40219.1
Project("{FAE04EC0-301F-11D3-BF4B-00C04F79EFBC}") = "WebApplicationFPIS", "WebApplicationFPIS.csproj", "{DF007595-7D73-40B4-BE4A-1FCF36F0661E}"
EndProject
Global
	GlobalSection(SolutionConfigurationPlatforms) = preSolution
		Debug|Any CPU = Debug|Any CPU
		Release|Any CPU = Release|Any CPU
	EndGlobalSection
	GlobalSection(ProjectConfigurationPlatforms) = postSolution
		{DF007595-7D73-40B4-BE4A-1FCF36F0661E}.Debug|Any CPU.ActiveCfg = Debug|Any CPU
		{DF007595-7D73-40B4-BE4A-1FCF36F0661E}.Debug|Any CPU.Build.0 = Debug|Any CPU
		{DF007595-7D73-40B4-BE4A-1FCF36F0661E}.Release|Any CPU.ActiveCfg = Release|Any CPU
		{DF007595-7D73-40B4-BE4A-1FCF36F0661E}.Release|Any CPU.Build.0 = Release|Any CPU
	EndGlobalSection
	GlobalSection(SolutionProperties) = preSolution
		HideSolutionNode = FALSE
	EndGlobalSection
	GlobalSection(ExtensibilityGlobals) = postSolution
		SolutionGuid = {AD25AB4A-6BFF-4EFB-A1FE-0ADA131A92A6}
	EndGlobalSection
EndGlobal
